
Microsoft Visual Studio Solution File, Format Version 12.00
# Visual Studio Version 17
VisualStudioVersion = 17.2.32630.192
MinimumVisualStudioVersion = 10.0.40219.1
Project("{FAE04EC0-301F-11D3-BF4B-00C04F79EFBC}") = "BlogApi", "BlogApi\BlogApi.csproj", "{9A51A7AC-A989-45A2-B77C-0ACB0DF6B32A}"
EndProject
Project("{FAE04EC0-301F-11D3-BF4B-00C04F79EFBC}") = "BlogTeste", "BlogTeste\BlogTeste.csproj", "{65576EB1-A1E9-4B68-9F83-775F8713E4DB}"
EndProject
Global
	GlobalSection(SolutionConfigurationPlatforms) = preSolution
		Debug|Any CPU = Debug|Any CPU
		Release|Any CPU = Release|Any CPU
	EndGlobalSection
	GlobalSection(ProjectConfigurationPlatforms) = postSolution
		{9A51A7AC-A989-45A2-B77C-0ACB0DF6B32A}.Debug|Any CPU.ActiveCfg = Debug|Any CPU
		{9A51A7AC-A989-45A2-B77C-0ACB0DF6B32A}.Debug|Any CPU.Build.0 = Debug|Any CPU
		{9A51A7AC-A989-45A2-B77C-0ACB0DF6B32A}.Release|Any CPU.ActiveCfg = Release|Any CPU
		{9A51A7AC-A989-45A2-B77C-0ACB0DF6B32A}.Release|Any CPU.Build.0 = Release|Any CPU
		{65576EB1-A1E9-4B68-9F83-775F8713E4DB}.Debug|Any CPU.ActiveCfg = Debug|Any CPU
		{65576EB1-A1E9-4B68-9F83-775F8713E4DB}.Debug|Any CPU.Build.0 = Debug|Any CPU
		{65576EB1-A1E9-4B68-9F83-775F8713E4DB}.Release|Any CPU.ActiveCfg = Release|Any CPU
		{65576EB1-A1E9-4B68-9F83-775F8713E4DB}.Release|Any CPU.Build.0 = Release|Any CPU
	EndGlobalSection
	GlobalSection(SolutionProperties) = preSolution
		HideSolutionNode = FALSE
	EndGlobalSection
	GlobalSection(ExtensibilityGlobals) = postSolution
		SolutionGuid = {4BBED826-EFF6-4E41-B813-EBD5779DCB25}
	EndGlobalSection
EndGlobal
